
Microsoft Visual Studio Solution File, Format Version 12.00
# Visual Studio Version 17
VisualStudioVersion = 17.0.31903.59
MinimumVisualStudioVersion = 10.0.40219.1
Project("{9A19103F-16F7-4668-BE54-9A1E7A4F7556}") = "CancelToken", "CancelToken\CancelToken.csproj", "{37852E7F-7229-4133-BA5F-85D9F905ED69}"
EndProject
Project("{9A19103F-16F7-4668-BE54-9A1E7A4F7556}") = "DatabaseConnections", "DatabaseConnections\DatabaseConnections.csproj", "{172BC894-ED16-43C2-93D3-2C0FB533D09A}"
EndProject
Project("{9A19103F-16F7-4668-BE54-9A1E7A4F7556}") = "CustomEnumerables", "CustomEnumerables\CustomEnumerables.csproj", "{4FE38C36-D16B-473C-966C-1F459B05B397}"
EndProject
Project("{FAE04EC0-301F-11D3-BF4B-00C04F79EFBC}") = "Generics", "Generics\Generics.csproj", "{BCD6C680-EEA8-43FB-9EA4-025455831F28}"
EndProject
Global
	GlobalSection(SolutionConfigurationPlatforms) = preSolution
		Debug|Any CPU = Debug|Any CPU
		Release|Any CPU = Release|Any CPU
	EndGlobalSection
	GlobalSection(ProjectConfigurationPlatforms) = postSolution
		{37852E7F-7229-4133-BA5F-85D9F905ED69}.Debug|Any CPU.ActiveCfg = Debug|Any CPU
		{37852E7F-7229-4133-BA5F-85D9F905ED69}.Debug|Any CPU.Build.0 = Debug|Any CPU
		{37852E7F-7229-4133-BA5F-85D9F905ED69}.Release|Any CPU.ActiveCfg = Release|Any CPU
		{37852E7F-7229-4133-BA5F-85D9F905ED69}.Release|Any CPU.Build.0 = Release|Any CPU
		{172BC894-ED16-43C2-93D3-2C0FB533D09A}.Debug|Any CPU.ActiveCfg = Debug|Any CPU
		{172BC894-ED16-43C2-93D3-2C0FB533D09A}.Debug|Any CPU.Build.0 = Debug|Any CPU
		{172BC894-ED16-43C2-93D3-2C0FB533D09A}.Release|Any CPU.ActiveCfg = Release|Any CPU
		{172BC894-ED16-43C2-93D3-2C0FB533D09A}.Release|Any CPU.Build.0 = Release|Any CPU
		{4FE38C36-D16B-473C-966C-1F459B05B397}.Debug|Any CPU.ActiveCfg = Debug|Any CPU
		{4FE38C36-D16B-473C-966C-1F459B05B397}.Debug|Any CPU.Build.0 = Debug|Any CPU
		{4FE38C36-D16B-473C-966C-1F459B05B397}.Release|Any CPU.ActiveCfg = Release|Any CPU
		{4FE38C36-D16B-473C-966C-1F459B05B397}.Release|Any CPU.Build.0 = Release|Any CPU
		{BCD6C680-EEA8-43FB-9EA4-025455831F28}.Debug|Any CPU.ActiveCfg = Debug|Any CPU
		{BCD6C680-EEA8-43FB-9EA4-025455831F28}.Debug|Any CPU.Build.0 = Debug|Any CPU
		{BCD6C680-EEA8-43FB-9EA4-025455831F28}.Release|Any CPU.ActiveCfg = Release|Any CPU
		{BCD6C680-EEA8-43FB-9EA4-025455831F28}.Release|Any CPU.Build.0 = Release|Any CPU
	EndGlobalSection
	GlobalSection(SolutionProperties) = preSolution
		HideSolutionNode = FALSE
	EndGlobalSection
	GlobalSection(ExtensibilityGlobals) = postSolution
		SolutionGuid = {15E7F3B0-2D1D-439E-A0BF-5FA0A9A14C08}
	EndGlobalSection
EndGlobal
